
Microsoft Visual Studio Solution File, Format Version 12.00
# Visual Studio Version 16
VisualStudioVersion = 16.0.31205.134
MinimumVisualStudioVersion = 10.0.40219.1
Project("{9A19103F-16F7-4668-BE54-9A1E7A4F7556}") = "SonarKrill", "Sonarkrill\SonarKrill.csproj", "{A9066FAD-64B6-47B3-A517-B665F072CA9A}"
EndProject
Global
	GlobalSection(SolutionConfigurationPlatforms) = preSolution
		Debug|Any CPU = Debug|Any CPU
		Release|Any CPU = Release|Any CPU
	EndGlobalSection
	GlobalSection(ProjectConfigurationPlatforms) = postSolution
		{A9066FAD-64B6-47B3-A517-B665F072CA9A}.Debug|Any CPU.ActiveCfg = Debug|Any CPU
		{A9066FAD-64B6-47B3-A517-B665F072CA9A}.Debug|Any CPU.Build.0 = Debug|Any CPU
		{A9066FAD-64B6-47B3-A517-B665F072CA9A}.Release|Any CPU.ActiveCfg = Release|Any CPU
		{A9066FAD-64B6-47B3-A517-B665F072CA9A}.Release|Any CPU.Build.0 = Release|Any CPU
	EndGlobalSection
	GlobalSection(SolutionProperties) = preSolution
		HideSolutionNode = FALSE
	EndGlobalSection
	GlobalSection(ExtensibilityGlobals) = postSolution
		SolutionGuid = {7D7166B5-DF2E-4AAD-A996-18CF133FEB88}
	EndGlobalSection
EndGlobal
